
Microsoft Visual Studio Solution File, Format Version 12.00
# Visual Studio Version 16
VisualStudioVersion = 16.0.29424.173
MinimumVisualStudioVersion = 10.0.40219.1
Project("{2150E333-8FDC-42A3-9474-1A3956D46DE8}") = "Solution Items", "Solution Items", "{747F3BA4-FA56-4C0A-98AA-CD1C223AD96A}"
	ProjectSection(SolutionItems) = preProject
		.editorconfig = .editorconfig
		.gitattributes = .gitattributes
		.gitignore = .gitignore
		azure-pipelines.yml = azure-pipelines.yml
		LICENSE = LICENSE
		NuGet.config = NuGet.config
		README.md = README.md
	EndProjectSection
EndProject
Project("{9A19103F-16F7-4668-BE54-9A1E7A4F7556}") = "KioskAnnunciatorButton.RealTime", "RealTime\KioskAnnunciatorButton.RealTime.csproj", "{250E7F13-501E-43FA-AD18-1CE3C51088F0}"
EndProject
Project("{9A19103F-16F7-4668-BE54-9A1E7A4F7556}") = "KioskAnnunciatorButton.SeaLevelReader", "ButtonReader\KioskAnnunciatorButton.SeaLevelReader.csproj", "{A1BB8BDD-713F-4FAB-AF1F-A78E1ABDF29B}"
EndProject
Project("{9A19103F-16F7-4668-BE54-9A1E7A4F7556}") = "KioskAnnunciatorButton.WorkerService", "WorkerService\KioskAnnunciatorButton.WorkerService.csproj", "{48FC6522-1CB5-4F4F-A4CA-31628AADB4CA}"
EndProject
Project("{9A19103F-16F7-4668-BE54-9A1E7A4F7556}") = "KioskAnnunciatorButton.Annunciator", "Annunciator\KioskAnnunciatorButton.Annunciator.csproj", "{35F0DD4F-C8B5-40E2-B55F-3F5F00EEDA97}"
EndProject
Global
	GlobalSection(SolutionConfigurationPlatforms) = preSolution
		Debug|Any CPU = Debug|Any CPU
		Release|Any CPU = Release|Any CPU
	EndGlobalSection
	GlobalSection(ProjectConfigurationPlatforms) = postSolution
		{250E7F13-501E-43FA-AD18-1CE3C51088F0}.Debug|Any CPU.ActiveCfg = Debug|Any CPU
		{250E7F13-501E-43FA-AD18-1CE3C51088F0}.Debug|Any CPU.Build.0 = Debug|Any CPU
		{250E7F13-501E-43FA-AD18-1CE3C51088F0}.Release|Any CPU.ActiveCfg = Release|Any CPU
		{250E7F13-501E-43FA-AD18-1CE3C51088F0}.Release|Any CPU.Build.0 = Release|Any CPU
		{A1BB8BDD-713F-4FAB-AF1F-A78E1ABDF29B}.Debug|Any CPU.ActiveCfg = Debug|Any CPU
		{A1BB8BDD-713F-4FAB-AF1F-A78E1ABDF29B}.Debug|Any CPU.Build.0 = Debug|Any CPU
		{A1BB8BDD-713F-4FAB-AF1F-A78E1ABDF29B}.Release|Any CPU.ActiveCfg = Release|Any CPU
		{A1BB8BDD-713F-4FAB-AF1F-A78E1ABDF29B}.Release|Any CPU.Build.0 = Release|Any CPU
		{48FC6522-1CB5-4F4F-A4CA-31628AADB4CA}.Debug|Any CPU.ActiveCfg = Debug|Any CPU
		{48FC6522-1CB5-4F4F-A4CA-31628AADB4CA}.Debug|Any CPU.Build.0 = Debug|Any CPU
		{48FC6522-1CB5-4F4F-A4CA-31628AADB4CA}.Release|Any CPU.ActiveCfg = Release|Any CPU
		{48FC6522-1CB5-4F4F-A4CA-31628AADB4CA}.Release|Any CPU.Build.0 = Release|Any CPU
		{35F0DD4F-C8B5-40E2-B55F-3F5F00EEDA97}.Debug|Any CPU.ActiveCfg = Debug|Any CPU
		{35F0DD4F-C8B5-40E2-B55F-3F5F00EEDA97}.Debug|Any CPU.Build.0 = Debug|Any CPU
		{35F0DD4F-C8B5-40E2-B55F-3F5F00EEDA97}.Release|Any CPU.ActiveCfg = Release|Any CPU
		{35F0DD4F-C8B5-40E2-B55F-3F5F00EEDA97}.Release|Any CPU.Build.0 = Release|Any CPU
	EndGlobalSection
	GlobalSection(SolutionProperties) = preSolution
		HideSolutionNode = FALSE
	EndGlobalSection
	GlobalSection(ExtensibilityGlobals) = postSolution
		SolutionGuid = {16A31906-23EC-472C-B969-2E7AE1342764}
	EndGlobalSection
EndGlobal
