
Microsoft Visual Studio Solution File, Format Version 12.00
# Visual Studio Version 17
VisualStudioVersion = 17.9.34607.119
MinimumVisualStudioVersion = 10.0.40219.1
Project("{2150E333-8FDC-42A3-9474-1A3956D46DE8}") = "Solution Items", "Solution Items", "{ADEC47D4-3A10-4380-A7A6-DB2AF2E0CD30}"
	ProjectSection(SolutionItems) = preProject
		.editorconfig = .editorconfig
		.gitattributes = .gitattributes
		.gitignore = .gitignore
		Directory.Packages.props = Directory.Packages.props
		nuget.config = nuget.config
		readme.md = readme.md
	EndProjectSection
EndProject
Project("{9A19103F-16F7-4668-BE54-9A1E7A4F7556}") = "Mtd.Kiosk.Annunciator.Core", "Core\Mtd.Kiosk.Annunciator.Core.csproj", "{2CF2B145-E623-4675-94E5-0F03AD8D1E41}"
EndProject
Project("{9A19103F-16F7-4668-BE54-9A1E7A4F7556}") = "Mtd.Kiosk.Annunciator.Azure", "Azure\Mtd.Kiosk.Annunciator.Azure.csproj", "{C23D8D50-B212-4442-8F87-F4F282E23C3E}"
EndProject
Project("{9A19103F-16F7-4668-BE54-9A1E7A4F7556}") = "Mtd.Kiosk.Annunciator.Readers.Simple", "Readers\Simple\Mtd.Kiosk.Annunciator.Readers.Simple.csproj", "{D54449C8-1760-4C02-9DB8-F4CDAE0E16EB}"
EndProject
Project("{9A19103F-16F7-4668-BE54-9A1E7A4F7556}") = "Mtd.Kiosk.Annunciator.Service", "Service\Mtd.Kiosk.Annunciator.Service.csproj", "{48EFDEA1-3057-47D0-9031-D83F8D373555}"
EndProject
Project("{9A19103F-16F7-4668-BE54-9A1E7A4F7556}") = "Mtd.Kiosk.Annunciator.Realtime.UmbracoApi", "Realtime\UmbracoApi\Mtd.Kiosk.Annunciator.Realtime.UmbracoApi.csproj", "{608E938D-5B40-4651-8492-01E1370EF7DA}"
EndProject
Project("{9A19103F-16F7-4668-BE54-9A1E7A4F7556}") = "Mtd.Kiosk.Annunciator.Readers.Raspi", "Readers\Raspi\Mtd.Kiosk.Annunciator.Readers.Raspi.csproj", "{7A4F8083-2002-4E5B-882B-90B59319265C}"
EndProject
Project("{2150E333-8FDC-42A3-9474-1A3956D46DE8}") = ".github", ".github", "{7412A7CC-3423-4856-9007-D0C651C93BC3}"
	ProjectSection(SolutionItems) = preProject
		.github\dependabot.yml = .github\dependabot.yml
	EndProjectSection
EndProject
Project("{2150E333-8FDC-42A3-9474-1A3956D46DE8}") = "workflows", "workflows", "{A5D28BE2-718D-4AB7-AD29-F50D7A72DD82}"
	ProjectSection(SolutionItems) = preProject
		.github\workflows\build-test.yml = .github\workflows\build-test.yml
		.github\workflows\codeql.yml = .github\workflows\codeql.yml
		.github\workflows\release.yml = .github\workflows\release.yml
	EndProjectSection
EndProject
Global
	GlobalSection(SolutionConfigurationPlatforms) = preSolution
		Debug|Any CPU = Debug|Any CPU
		Release|Any CPU = Release|Any CPU
	EndGlobalSection
	GlobalSection(ProjectConfigurationPlatforms) = postSolution
		{2CF2B145-E623-4675-94E5-0F03AD8D1E41}.Debug|Any CPU.ActiveCfg = Debug|Any CPU
		{2CF2B145-E623-4675-94E5-0F03AD8D1E41}.Debug|Any CPU.Build.0 = Debug|Any CPU
		{2CF2B145-E623-4675-94E5-0F03AD8D1E41}.Release|Any CPU.ActiveCfg = Release|Any CPU
		{2CF2B145-E623-4675-94E5-0F03AD8D1E41}.Release|Any CPU.Build.0 = Release|Any CPU
		{C23D8D50-B212-4442-8F87-F4F282E23C3E}.Debug|Any CPU.ActiveCfg = Debug|Any CPU
		{C23D8D50-B212-4442-8F87-F4F282E23C3E}.Debug|Any CPU.Build.0 = Debug|Any CPU
		{C23D8D50-B212-4442-8F87-F4F282E23C3E}.Release|Any CPU.ActiveCfg = Release|Any CPU
		{C23D8D50-B212-4442-8F87-F4F282E23C3E}.Release|Any CPU.Build.0 = Release|Any CPU
		{D54449C8-1760-4C02-9DB8-F4CDAE0E16EB}.Debug|Any CPU.ActiveCfg = Debug|Any CPU
		{D54449C8-1760-4C02-9DB8-F4CDAE0E16EB}.Debug|Any CPU.Build.0 = Debug|Any CPU
		{D54449C8-1760-4C02-9DB8-F4CDAE0E16EB}.Release|Any CPU.ActiveCfg = Release|Any CPU
		{D54449C8-1760-4C02-9DB8-F4CDAE0E16EB}.Release|Any CPU.Build.0 = Release|Any CPU
		{48EFDEA1-3057-47D0-9031-D83F8D373555}.Debug|Any CPU.ActiveCfg = Debug|Any CPU
		{48EFDEA1-3057-47D0-9031-D83F8D373555}.Debug|Any CPU.Build.0 = Debug|Any CPU
		{48EFDEA1-3057-47D0-9031-D83F8D373555}.Release|Any CPU.ActiveCfg = Release|Any CPU
		{48EFDEA1-3057-47D0-9031-D83F8D373555}.Release|Any CPU.Build.0 = Release|Any CPU
		{608E938D-5B40-4651-8492-01E1370EF7DA}.Debug|Any CPU.ActiveCfg = Debug|Any CPU
		{608E938D-5B40-4651-8492-01E1370EF7DA}.Debug|Any CPU.Build.0 = Debug|Any CPU
		{608E938D-5B40-4651-8492-01E1370EF7DA}.Release|Any CPU.ActiveCfg = Release|Any CPU
		{608E938D-5B40-4651-8492-01E1370EF7DA}.Release|Any CPU.Build.0 = Release|Any CPU
		{7A4F8083-2002-4E5B-882B-90B59319265C}.Debug|Any CPU.ActiveCfg = Debug|Any CPU
		{7A4F8083-2002-4E5B-882B-90B59319265C}.Debug|Any CPU.Build.0 = Debug|Any CPU
		{7A4F8083-2002-4E5B-882B-90B59319265C}.Release|Any CPU.ActiveCfg = Release|Any CPU
		{7A4F8083-2002-4E5B-882B-90B59319265C}.Release|Any CPU.Build.0 = Release|Any CPU
	EndGlobalSection
	GlobalSection(SolutionProperties) = preSolution
		HideSolutionNode = FALSE
	EndGlobalSection
	GlobalSection(NestedProjects) = preSolution
		{A5D28BE2-718D-4AB7-AD29-F50D7A72DD82} = {7412A7CC-3423-4856-9007-D0C651C93BC3}
	EndGlobalSection
	GlobalSection(ExtensibilityGlobals) = postSolution
		SolutionGuid = {ADE57155-2A9B-4DB5-88DD-9B003C8D8E87}
	EndGlobalSection
EndGlobal
